
Microsoft Visual Studio Solution File, Format Version 12.00
# Visual Studio Version 17
VisualStudioVersion = 17.6.33815.320
MinimumVisualStudioVersion = 10.0.40219.1
Project("{2150E333-8FDC-42A3-9474-1A3956D46DE8}") = "src", "src", "{A39154E6-9421-4C41-80BE-BB945446AEC9}"
EndProject
Project("{2150E333-8FDC-42A3-9474-1A3956D46DE8}") = "Solution Items", "Solution Items", "{743412D1-C3DE-4663-8A82-AB16A939831F}"
	ProjectSection(SolutionItems) = preProject
		ServicesUrls.txt = ServicesUrls.txt
	EndProjectSection
EndProject
Project("{2150E333-8FDC-42A3-9474-1A3956D46DE8}") = "ApiGateways", "ApiGateways", "{3C1D97C1-07DE-4DA1-9FF7-1BACB0911809}"
EndProject
Project("{2150E333-8FDC-42A3-9474-1A3956D46DE8}") = "Services", "Services", "{A564EA8E-676C-492E-8D8F-499EDE82E9D5}"
EndProject
Project("{2150E333-8FDC-42A3-9474-1A3956D46DE8}") = "Clients", "Clients", "{5447BA58-4C3F-4583-B2E1-3463453A5666}"
EndProject
Project("{2150E333-8FDC-42A3-9474-1A3956D46DE8}") = "BuildingBlocks", "BuildingBlocks", "{709D85BD-E769-4655-BFA2-DBCF6D13B9BF}"
EndProject
Project("{2150E333-8FDC-42A3-9474-1A3956D46DE8}") = "WebApiGateway", "WebApiGateway", "{7AFD93BF-961B-4E88-A4A3-FA21647C5B71}"
EndProject
Project("{9A19103F-16F7-4668-BE54-9A1E7A4F7556}") = "Web.ApiGateway", "src\ApiGateways\WebApiGateway\Web.ApiGateway\Web.ApiGateway.csproj", "{E7027F05-FA92-410A-BE47-E07BCB8250AD}"
EndProject
Project("{2150E333-8FDC-42A3-9474-1A3956D46DE8}") = "EventBus", "EventBus", "{3224D54F-3FEF-4F9C-99A1-CE565FB5418A}"
EndProject
Project("{9A19103F-16F7-4668-BE54-9A1E7A4F7556}") = "EventBus.Base", "src\BuildingBlocks\EventBus\EventBus.Base\EventBus.Base.csproj", "{9EE223CE-BF32-4FFD-9001-B20EA608053A}"
EndProject
Project("{9A19103F-16F7-4668-BE54-9A1E7A4F7556}") = "EventBus.Factory", "src\BuildingBlocks\EventBus\EventBus.Factory\EventBus.Factory.csproj", "{43D31F30-6B0A-4517-91CB-42EA3247804B}"
EndProject
Project("{9A19103F-16F7-4668-BE54-9A1E7A4F7556}") = "Event.Bus.AzureServiceBus", "src\BuildingBlocks\EventBus\Event.Bus.AzureServiceBus\Event.Bus.AzureServiceBus.csproj", "{6711A2AB-2581-4839-935B-7097A0DA979A}"
EndProject
Project("{9A19103F-16F7-4668-BE54-9A1E7A4F7556}") = "EventBus.RabbitMQ", "src\BuildingBlocks\EventBus\EventBus.RabbitMQ\EventBus.RabbitMQ.csproj", "{D3CD532C-69DA-4989-887B-EEDADBF14709}"
EndProject
Project("{2150E333-8FDC-42A3-9474-1A3956D46DE8}") = "BlazorWebApp", "BlazorWebApp", "{12D2D8D7-A92A-4119-BF62-BEA248EC6948}"
EndProject
Project("{9A19103F-16F7-4668-BE54-9A1E7A4F7556}") = "WebApp", "src\Clients\BlazorWebApp\WebApp\WebApp.csproj", "{308A54F7-9780-4B06-8216-1A13C2A5B29D}"
EndProject
Project("{2150E333-8FDC-42A3-9474-1A3956D46DE8}") = "BasketServices", "BasketServices", "{D6ABD0E9-F85B-4DA8-8C8F-0E19A21EF6B2}"
EndProject
Project("{9A19103F-16F7-4668-BE54-9A1E7A4F7556}") = "BasketService.Api", "src\Services\BasketService\BasketServices.Api\BasketService.Api.csproj", "{1C7DB887-C236-47A3-AB88-2D3ACDCC51C1}"
EndProject
Project("{2150E333-8FDC-42A3-9474-1A3956D46DE8}") = "CatalogServices", "CatalogServices", "{643714BE-EDBD-4B22-BAE3-2C50D7751706}"
EndProject
Project("{2150E333-8FDC-42A3-9474-1A3956D46DE8}") = "IdentityServices", "IdentityServices", "{D7833C31-4C10-4E21-83CC-8CDEF8A09A91}"
EndProject
Project("{2150E333-8FDC-42A3-9474-1A3956D46DE8}") = "NotificationServices", "NotificationServices", "{50AD16BC-6EDB-4AE1-8818-B314F8076075}"
EndProject
Project("{9A19103F-16F7-4668-BE54-9A1E7A4F7556}") = "CatalogService.Api", "src\Services\CatalogServices\CatalogService.Api\CatalogService.Api.csproj", "{DD566D3C-38C3-498C-A340-B7D9F999F1F7}"
EndProject
Project("{9A19103F-16F7-4668-BE54-9A1E7A4F7556}") = "IdentityService.Api", "src\Services\IdentityServices\IdentityService.Api\IdentityService.Api.csproj", "{40D13ACD-9A0A-42AA-BF87-B06BDA7DA3DE}"
EndProject
Project("{9A19103F-16F7-4668-BE54-9A1E7A4F7556}") = "NotificationService", "src\Services\NotificationServices\NotificationService\NotificationService.csproj", "{C1FF926A-7E99-480D-ADD4-AC34A57A4BD2}"
EndProject
Project("{2150E333-8FDC-42A3-9474-1A3956D46DE8}") = "OrderServices", "OrderServices", "{AC468739-6832-4FD0-A54D-86321CFD0FA0}"
EndProject
Project("{9A19103F-16F7-4668-BE54-9A1E7A4F7556}") = "OrderService.Domain", "src\Services\OrderServices\OrderService.Domain\OrderService.Domain.csproj", "{41E6AEBB-5203-48DE-979C-5F02CE914F43}"
EndProject
Project("{9A19103F-16F7-4668-BE54-9A1E7A4F7556}") = "OrderService.Application", "src\Services\OrderServices\OrderService.Application\OrderService.Application.csproj", "{45845148-5241-47C5-AADC-29CEEF28A6F3}"
EndProject
Project("{9A19103F-16F7-4668-BE54-9A1E7A4F7556}") = "OrderService.Infrastructure", "src\Services\OrderServices\OrderService.Infrastructure\OrderService.Infrastructure.csproj", "{CDB9097D-E1D9-439D-A028-EF171CB802A4}"
EndProject
Project("{9A19103F-16F7-4668-BE54-9A1E7A4F7556}") = "OrderServices.Api", "src\Services\OrderServices\OrderServices.Api\OrderServices.Api.csproj", "{B19C39A4-67C7-454E-BF12-FE5C6048F53E}"
EndProject
Project("{2150E333-8FDC-42A3-9474-1A3956D46DE8}") = "PaymentServices", "PaymentServices", "{2510E8B5-3FBC-4ED0-A5D9-53F8CEF67BBA}"
EndProject
Project("{9A19103F-16F7-4668-BE54-9A1E7A4F7556}") = "PaymentService.Api", "src\Services\PaymentServices\PaymentService.Api\PaymentService.Api.csproj", "{2D731694-E627-4FED-8BC5-800C69E7773C}"
EndProject
Project("{2150E333-8FDC-42A3-9474-1A3956D46DE8}") = "tests", "tests", "{DDF56387-8515-4625-BE6E-D40E3CC2AD1B}"
EndProject
Project("{2150E333-8FDC-42A3-9474-1A3956D46DE8}") = "BuildingBlocks", "BuildingBlocks", "{3E0D5B0A-6316-4800-85AB-C169F5737F20}"
EndProject
Project("{9A19103F-16F7-4668-BE54-9A1E7A4F7556}") = "EventBus.NUnitTest", "BuildingBlocks\EventBus.NUnitTest\EventBus.NUnitTest.csproj", "{A4C83750-1B3A-48B6-80A9-E02108FD3C55}"
EndProject
Project("{2150E333-8FDC-42A3-9474-1A3956D46DE8}") = "docker-compose-files", "docker-compose-files", "{C7C8F4BD-AF1D-46A6-9A58-15A82B5FB9EE}"
EndProject
Project("{2150E333-8FDC-42A3-9474-1A3956D46DE8}") = "consul", "consul", "{B198766E-B92A-45AE-83EA-2E87B4CCDB4E}"
	ProjectSection(SolutionItems) = preProject
		docker-compose-files\consul\docker-compose.yml = docker-compose-files\consul\docker-compose.yml
	EndProjectSection
EndProject
Project("{2150E333-8FDC-42A3-9474-1A3956D46DE8}") = "sqlserver", "sqlserver", "{E4ED6E8D-65B8-4CA1-B19F-86D6A069B188}"
	ProjectSection(SolutionItems) = preProject
		docker-compose-files\sqlserver\docker-compose.yml = docker-compose-files\sqlserver\docker-compose.yml
	EndProjectSection
EndProject
Project("{2150E333-8FDC-42A3-9474-1A3956D46DE8}") = "redis", "redis", "{E4B14FDA-92D7-4BB2-9FBD-06FD97AE40E4}"
	ProjectSection(SolutionItems) = preProject
		docker-compose-files\redis\docker-compose.yml = docker-compose-files\redis\docker-compose.yml
	EndProjectSection
EndProject
Project("{2150E333-8FDC-42A3-9474-1A3956D46DE8}") = "rabbitmq", "rabbitmq", "{0F5A97B5-DF77-4DAB-91FF-B695AF4FA9D5}"
	ProjectSection(SolutionItems) = preProject
		docker-compose-files\rabbitmq\docker-compose.yml = docker-compose-files\rabbitmq\docker-compose.yml
	EndProjectSection
EndProject
Global
	GlobalSection(SolutionConfigurationPlatforms) = preSolution
		Debug|Any CPU = Debug|Any CPU
		Release|Any CPU = Release|Any CPU
	EndGlobalSection
	GlobalSection(ProjectConfigurationPlatforms) = postSolution
		{E7027F05-FA92-410A-BE47-E07BCB8250AD}.Debug|Any CPU.ActiveCfg = Debug|Any CPU
		{E7027F05-FA92-410A-BE47-E07BCB8250AD}.Debug|Any CPU.Build.0 = Debug|Any CPU
		{E7027F05-FA92-410A-BE47-E07BCB8250AD}.Release|Any CPU.ActiveCfg = Release|Any CPU
		{E7027F05-FA92-410A-BE47-E07BCB8250AD}.Release|Any CPU.Build.0 = Release|Any CPU
		{9EE223CE-BF32-4FFD-9001-B20EA608053A}.Debug|Any CPU.ActiveCfg = Debug|Any CPU
		{9EE223CE-BF32-4FFD-9001-B20EA608053A}.Debug|Any CPU.Build.0 = Debug|Any CPU
		{9EE223CE-BF32-4FFD-9001-B20EA608053A}.Release|Any CPU.ActiveCfg = Release|Any CPU
		{9EE223CE-BF32-4FFD-9001-B20EA608053A}.Release|Any CPU.Build.0 = Release|Any CPU
		{43D31F30-6B0A-4517-91CB-42EA3247804B}.Debug|Any CPU.ActiveCfg = Debug|Any CPU
		{43D31F30-6B0A-4517-91CB-42EA3247804B}.Debug|Any CPU.Build.0 = Debug|Any CPU
		{43D31F30-6B0A-4517-91CB-42EA3247804B}.Release|Any CPU.ActiveCfg = Release|Any CPU
		{43D31F30-6B0A-4517-91CB-42EA3247804B}.Release|Any CPU.Build.0 = Release|Any CPU
		{6711A2AB-2581-4839-935B-7097A0DA979A}.Debug|Any CPU.ActiveCfg = Debug|Any CPU
		{6711A2AB-2581-4839-935B-7097A0DA979A}.Debug|Any CPU.Build.0 = Debug|Any CPU
		{6711A2AB-2581-4839-935B-7097A0DA979A}.Release|Any CPU.ActiveCfg = Release|Any CPU
		{6711A2AB-2581-4839-935B-7097A0DA979A}.Release|Any CPU.Build.0 = Release|Any CPU
		{D3CD532C-69DA-4989-887B-EEDADBF14709}.Debug|Any CPU.ActiveCfg = Debug|Any CPU
		{D3CD532C-69DA-4989-887B-EEDADBF14709}.Debug|Any CPU.Build.0 = Debug|Any CPU
		{D3CD532C-69DA-4989-887B-EEDADBF14709}.Release|Any CPU.ActiveCfg = Release|Any CPU
		{D3CD532C-69DA-4989-887B-EEDADBF14709}.Release|Any CPU.Build.0 = Release|Any CPU
		{308A54F7-9780-4B06-8216-1A13C2A5B29D}.Debug|Any CPU.ActiveCfg = Debug|Any CPU
		{308A54F7-9780-4B06-8216-1A13C2A5B29D}.Debug|Any CPU.Build.0 = Debug|Any CPU
		{308A54F7-9780-4B06-8216-1A13C2A5B29D}.Release|Any CPU.ActiveCfg = Release|Any CPU
		{308A54F7-9780-4B06-8216-1A13C2A5B29D}.Release|Any CPU.Build.0 = Release|Any CPU
		{1C7DB887-C236-47A3-AB88-2D3ACDCC51C1}.Debug|Any CPU.ActiveCfg = Debug|Any CPU
		{1C7DB887-C236-47A3-AB88-2D3ACDCC51C1}.Debug|Any CPU.Build.0 = Debug|Any CPU
		{1C7DB887-C236-47A3-AB88-2D3ACDCC51C1}.Release|Any CPU.ActiveCfg = Release|Any CPU
		{1C7DB887-C236-47A3-AB88-2D3ACDCC51C1}.Release|Any CPU.Build.0 = Release|Any CPU
		{DD566D3C-38C3-498C-A340-B7D9F999F1F7}.Debug|Any CPU.ActiveCfg = Debug|Any CPU
		{DD566D3C-38C3-498C-A340-B7D9F999F1F7}.Debug|Any CPU.Build.0 = Debug|Any CPU
		{DD566D3C-38C3-498C-A340-B7D9F999F1F7}.Release|Any CPU.ActiveCfg = Release|Any CPU
		{DD566D3C-38C3-498C-A340-B7D9F999F1F7}.Release|Any CPU.Build.0 = Release|Any CPU
		{40D13ACD-9A0A-42AA-BF87-B06BDA7DA3DE}.Debug|Any CPU.ActiveCfg = Debug|Any CPU
		{40D13ACD-9A0A-42AA-BF87-B06BDA7DA3DE}.Debug|Any CPU.Build.0 = Debug|Any CPU
		{40D13ACD-9A0A-42AA-BF87-B06BDA7DA3DE}.Release|Any CPU.ActiveCfg = Release|Any CPU
		{40D13ACD-9A0A-42AA-BF87-B06BDA7DA3DE}.Release|Any CPU.Build.0 = Release|Any CPU
		{C1FF926A-7E99-480D-ADD4-AC34A57A4BD2}.Debug|Any CPU.ActiveCfg = Debug|Any CPU
		{C1FF926A-7E99-480D-ADD4-AC34A57A4BD2}.Debug|Any CPU.Build.0 = Debug|Any CPU
		{C1FF926A-7E99-480D-ADD4-AC34A57A4BD2}.Release|Any CPU.ActiveCfg = Release|Any CPU
		{C1FF926A-7E99-480D-ADD4-AC34A57A4BD2}.Release|Any CPU.Build.0 = Release|Any CPU
		{41E6AEBB-5203-48DE-979C-5F02CE914F43}.Debug|Any CPU.ActiveCfg = Debug|Any CPU
		{41E6AEBB-5203-48DE-979C-5F02CE914F43}.Debug|Any CPU.Build.0 = Debug|Any CPU
		{41E6AEBB-5203-48DE-979C-5F02CE914F43}.Release|Any CPU.ActiveCfg = Release|Any CPU
		{41E6AEBB-5203-48DE-979C-5F02CE914F43}.Release|Any CPU.Build.0 = Release|Any CPU
		{45845148-5241-47C5-AADC-29CEEF28A6F3}.Debug|Any CPU.ActiveCfg = Debug|Any CPU
		{45845148-5241-47C5-AADC-29CEEF28A6F3}.Debug|Any CPU.Build.0 = Debug|Any CPU
		{45845148-5241-47C5-AADC-29CEEF28A6F3}.Release|Any CPU.ActiveCfg = Release|Any CPU
		{45845148-5241-47C5-AADC-29CEEF28A6F3}.Release|Any CPU.Build.0 = Release|Any CPU
		{CDB9097D-E1D9-439D-A028-EF171CB802A4}.Debug|Any CPU.ActiveCfg = Debug|Any CPU
		{CDB9097D-E1D9-439D-A028-EF171CB802A4}.Debug|Any CPU.Build.0 = Debug|Any CPU
		{CDB9097D-E1D9-439D-A028-EF171CB802A4}.Release|Any CPU.ActiveCfg = Release|Any CPU
		{CDB9097D-E1D9-439D-A028-EF171CB802A4}.Release|Any CPU.Build.0 = Release|Any CPU
		{B19C39A4-67C7-454E-BF12-FE5C6048F53E}.Debug|Any CPU.ActiveCfg = Debug|Any CPU
		{B19C39A4-67C7-454E-BF12-FE5C6048F53E}.Debug|Any CPU.Build.0 = Debug|Any CPU
		{B19C39A4-67C7-454E-BF12-FE5C6048F53E}.Release|Any CPU.ActiveCfg = Release|Any CPU
		{B19C39A4-67C7-454E-BF12-FE5C6048F53E}.Release|Any CPU.Build.0 = Release|Any CPU
		{2D731694-E627-4FED-8BC5-800C69E7773C}.Debug|Any CPU.ActiveCfg = Debug|Any CPU
		{2D731694-E627-4FED-8BC5-800C69E7773C}.Debug|Any CPU.Build.0 = Debug|Any CPU
		{2D731694-E627-4FED-8BC5-800C69E7773C}.Release|Any CPU.ActiveCfg = Release|Any CPU
		{2D731694-E627-4FED-8BC5-800C69E7773C}.Release|Any CPU.Build.0 = Release|Any CPU
		{A4C83750-1B3A-48B6-80A9-E02108FD3C55}.Debug|Any CPU.ActiveCfg = Debug|Any CPU
		{A4C83750-1B3A-48B6-80A9-E02108FD3C55}.Debug|Any CPU.Build.0 = Debug|Any CPU
		{A4C83750-1B3A-48B6-80A9-E02108FD3C55}.Release|Any CPU.ActiveCfg = Release|Any CPU
		{A4C83750-1B3A-48B6-80A9-E02108FD3C55}.Release|Any CPU.Build.0 = Release|Any CPU
	EndGlobalSection
	GlobalSection(SolutionProperties) = preSolution
		HideSolutionNode = FALSE
	EndGlobalSection
	GlobalSection(NestedProjects) = preSolution
		{3C1D97C1-07DE-4DA1-9FF7-1BACB0911809} = {A39154E6-9421-4C41-80BE-BB945446AEC9}
		{A564EA8E-676C-492E-8D8F-499EDE82E9D5} = {A39154E6-9421-4C41-80BE-BB945446AEC9}
		{5447BA58-4C3F-4583-B2E1-3463453A5666} = {A39154E6-9421-4C41-80BE-BB945446AEC9}
		{709D85BD-E769-4655-BFA2-DBCF6D13B9BF} = {A39154E6-9421-4C41-80BE-BB945446AEC9}
		{7AFD93BF-961B-4E88-A4A3-FA21647C5B71} = {3C1D97C1-07DE-4DA1-9FF7-1BACB0911809}
		{E7027F05-FA92-410A-BE47-E07BCB8250AD} = {7AFD93BF-961B-4E88-A4A3-FA21647C5B71}
		{3224D54F-3FEF-4F9C-99A1-CE565FB5418A} = {709D85BD-E769-4655-BFA2-DBCF6D13B9BF}
		{9EE223CE-BF32-4FFD-9001-B20EA608053A} = {3224D54F-3FEF-4F9C-99A1-CE565FB5418A}
		{43D31F30-6B0A-4517-91CB-42EA3247804B} = {3224D54F-3FEF-4F9C-99A1-CE565FB5418A}
		{6711A2AB-2581-4839-935B-7097A0DA979A} = {3224D54F-3FEF-4F9C-99A1-CE565FB5418A}
		{D3CD532C-69DA-4989-887B-EEDADBF14709} = {3224D54F-3FEF-4F9C-99A1-CE565FB5418A}
		{12D2D8D7-A92A-4119-BF62-BEA248EC6948} = {5447BA58-4C3F-4583-B2E1-3463453A5666}
		{308A54F7-9780-4B06-8216-1A13C2A5B29D} = {12D2D8D7-A92A-4119-BF62-BEA248EC6948}
		{D6ABD0E9-F85B-4DA8-8C8F-0E19A21EF6B2} = {A564EA8E-676C-492E-8D8F-499EDE82E9D5}
		{1C7DB887-C236-47A3-AB88-2D3ACDCC51C1} = {D6ABD0E9-F85B-4DA8-8C8F-0E19A21EF6B2}
		{643714BE-EDBD-4B22-BAE3-2C50D7751706} = {A564EA8E-676C-492E-8D8F-499EDE82E9D5}
		{D7833C31-4C10-4E21-83CC-8CDEF8A09A91} = {A564EA8E-676C-492E-8D8F-499EDE82E9D5}
		{50AD16BC-6EDB-4AE1-8818-B314F8076075} = {A564EA8E-676C-492E-8D8F-499EDE82E9D5}
		{DD566D3C-38C3-498C-A340-B7D9F999F1F7} = {643714BE-EDBD-4B22-BAE3-2C50D7751706}
		{40D13ACD-9A0A-42AA-BF87-B06BDA7DA3DE} = {D7833C31-4C10-4E21-83CC-8CDEF8A09A91}
		{C1FF926A-7E99-480D-ADD4-AC34A57A4BD2} = {50AD16BC-6EDB-4AE1-8818-B314F8076075}
		{AC468739-6832-4FD0-A54D-86321CFD0FA0} = {A564EA8E-676C-492E-8D8F-499EDE82E9D5}
		{41E6AEBB-5203-48DE-979C-5F02CE914F43} = {AC468739-6832-4FD0-A54D-86321CFD0FA0}
		{45845148-5241-47C5-AADC-29CEEF28A6F3} = {AC468739-6832-4FD0-A54D-86321CFD0FA0}
		{CDB9097D-E1D9-439D-A028-EF171CB802A4} = {AC468739-6832-4FD0-A54D-86321CFD0FA0}
		{B19C39A4-67C7-454E-BF12-FE5C6048F53E} = {AC468739-6832-4FD0-A54D-86321CFD0FA0}
		{2510E8B5-3FBC-4ED0-A5D9-53F8CEF67BBA} = {A564EA8E-676C-492E-8D8F-499EDE82E9D5}
		{2D731694-E627-4FED-8BC5-800C69E7773C} = {2510E8B5-3FBC-4ED0-A5D9-53F8CEF67BBA}
		{3E0D5B0A-6316-4800-85AB-C169F5737F20} = {DDF56387-8515-4625-BE6E-D40E3CC2AD1B}
		{A4C83750-1B3A-48B6-80A9-E02108FD3C55} = {3E0D5B0A-6316-4800-85AB-C169F5737F20}
		{B198766E-B92A-45AE-83EA-2E87B4CCDB4E} = {C7C8F4BD-AF1D-46A6-9A58-15A82B5FB9EE}
		{E4ED6E8D-65B8-4CA1-B19F-86D6A069B188} = {C7C8F4BD-AF1D-46A6-9A58-15A82B5FB9EE}
		{E4B14FDA-92D7-4BB2-9FBD-06FD97AE40E4} = {C7C8F4BD-AF1D-46A6-9A58-15A82B5FB9EE}
		{0F5A97B5-DF77-4DAB-91FF-B695AF4FA9D5} = {C7C8F4BD-AF1D-46A6-9A58-15A82B5FB9EE}
	EndGlobalSection
	GlobalSection(ExtensibilityGlobals) = postSolution
		SolutionGuid = {91DAFD8F-2AE4-4BA9-9BD9-92A06C09A50F}
	EndGlobalSection
EndGlobal
